
Microsoft Visual Studio Solution File, Format Version 12.00
# Visual Studio 15
VisualStudioVersion = 15.0.28307.438
MinimumVisualStudioVersion = 10.0.40219.1
Project("{FAE04EC0-301F-11D3-BF4B-00C04F79EFBC}") = "JenkinsGithubSample", "JenkinsGithubSample\JenkinsGithubSample.csproj", "{55238B1D-34A5-442B-B0CD-494364DDE228}"
EndProject
Project("{E53339B2-1760-4266-BCC7-CA923CBCF16C}") = "docker-compose", "docker-compose.dcproj", "{6F751835-A013-4BD3-A907-1A9840847A77}"
EndProject
Global
	GlobalSection(SolutionConfigurationPlatforms) = preSolution
		Debug|Any CPU = Debug|Any CPU
		Debug|x64 = Debug|x64
		Release|Any CPU = Release|Any CPU
		Release|x64 = Release|x64
	EndGlobalSection
	GlobalSection(ProjectConfigurationPlatforms) = postSolution
		{55238B1D-34A5-442B-B0CD-494364DDE228}.Debug|Any CPU.ActiveCfg = Debug|Any CPU
		{55238B1D-34A5-442B-B0CD-494364DDE228}.Debug|Any CPU.Build.0 = Debug|Any CPU
		{55238B1D-34A5-442B-B0CD-494364DDE228}.Debug|x64.ActiveCfg = Debug|Any CPU
		{55238B1D-34A5-442B-B0CD-494364DDE228}.Debug|x64.Build.0 = Debug|Any CPU
		{55238B1D-34A5-442B-B0CD-494364DDE228}.Release|Any CPU.ActiveCfg = Release|Any CPU
		{55238B1D-34A5-442B-B0CD-494364DDE228}.Release|Any CPU.Build.0 = Release|Any CPU
		{55238B1D-34A5-442B-B0CD-494364DDE228}.Release|x64.ActiveCfg = Release|Any CPU
		{55238B1D-34A5-442B-B0CD-494364DDE228}.Release|x64.Build.0 = Release|Any CPU
		{6F751835-A013-4BD3-A907-1A9840847A77}.Debug|Any CPU.ActiveCfg = Debug|Any CPU
		{6F751835-A013-4BD3-A907-1A9840847A77}.Debug|Any CPU.Build.0 = Debug|Any CPU
		{6F751835-A013-4BD3-A907-1A9840847A77}.Debug|x64.ActiveCfg = Debug|Any CPU
		{6F751835-A013-4BD3-A907-1A9840847A77}.Debug|x64.Build.0 = Debug|Any CPU
		{6F751835-A013-4BD3-A907-1A9840847A77}.Release|Any CPU.ActiveCfg = Release|Any CPU
		{6F751835-A013-4BD3-A907-1A9840847A77}.Release|Any CPU.Build.0 = Release|Any CPU
		{6F751835-A013-4BD3-A907-1A9840847A77}.Release|x64.ActiveCfg = Release|Any CPU
		{6F751835-A013-4BD3-A907-1A9840847A77}.Release|x64.Build.0 = Release|Any CPU
	EndGlobalSection
	GlobalSection(SolutionProperties) = preSolution
		HideSolutionNode = FALSE
	EndGlobalSection
	GlobalSection(ExtensibilityGlobals) = postSolution
		SolutionGuid = {377ADB08-A251-4BEC-A2E4-0365F2889F58}
	EndGlobalSection
EndGlobal
